
Microsoft Visual Studio Solution File, Format Version 12.00
# Visual Studio Version 16
VisualStudioVersion = 16.0.30907.101
MinimumVisualStudioVersion = 10.0.40219.1
Project("{8BC9CEB8-8B4A-11D0-8D11-00A0C91BC942}") = "c++20210512", "c++20210512\c++20210512.vcxproj", "{C0E83A58-4DAB-4E37-8D63-436CF77D7933}"
EndProject
Global
	GlobalSection(SolutionConfigurationPlatforms) = preSolution
		Debug|x64 = Debug|x64
		Debug|x86 = Debug|x86
		Release|x64 = Release|x64
		Release|x86 = Release|x86
	EndGlobalSection
	GlobalSection(ProjectConfigurationPlatforms) = postSolution
		{C0E83A58-4DAB-4E37-8D63-436CF77D7933}.Debug|x64.ActiveCfg = Debug|x64
		{C0E83A58-4DAB-4E37-8D63-436CF77D7933}.Debug|x64.Build.0 = Debug|x64
		{C0E83A58-4DAB-4E37-8D63-436CF77D7933}.Debug|x86.ActiveCfg = Debug|Win32
		{C0E83A58-4DAB-4E37-8D63-436CF77D7933}.Debug|x86.Build.0 = Debug|Win32
		{C0E83A58-4DAB-4E37-8D63-436CF77D7933}.Release|x64.ActiveCfg = Release|x64
		{C0E83A58-4DAB-4E37-8D63-436CF77D7933}.Release|x64.Build.0 = Release|x64
		{C0E83A58-4DAB-4E37-8D63-436CF77D7933}.Release|x86.ActiveCfg = Release|Win32
		{C0E83A58-4DAB-4E37-8D63-436CF77D7933}.Release|x86.Build.0 = Release|Win32
	EndGlobalSection
	GlobalSection(SolutionProperties) = preSolution
		HideSolutionNode = FALSE
	EndGlobalSection
	GlobalSection(ExtensibilityGlobals) = postSolution
		SolutionGuid = {30311E93-5931-4594-989D-D9046B0E1938}
	EndGlobalSection
EndGlobal
