
Microsoft Visual Studio Solution File, Format Version 12.00
# Visual Studio Version 16
VisualStudioVersion = 16.0.31624.102
MinimumVisualStudioVersion = 10.0.40219.1
Project("{FAE04EC0-301F-11D3-BF4B-00C04F79EFBC}") = "ExcelExam", "ExcelExam\ExcelExam.csproj", "{A46B82C2-6262-4B59-B7E8-49B71C35FAF3}"
EndProject
Global
	GlobalSection(SolutionConfigurationPlatforms) = preSolution
		Debug|Any CPU = Debug|Any CPU
		Debug|x64 = Debug|x64
		Debug|x86 = Debug|x86
		Release|Any CPU = Release|Any CPU
		Release|x64 = Release|x64
		Release|x86 = Release|x86
	EndGlobalSection
	GlobalSection(ProjectConfigurationPlatforms) = postSolution
		{A46B82C2-6262-4B59-B7E8-49B71C35FAF3}.Debug|Any CPU.ActiveCfg = Debug|Any CPU
		{A46B82C2-6262-4B59-B7E8-49B71C35FAF3}.Debug|Any CPU.Build.0 = Debug|Any CPU
		{A46B82C2-6262-4B59-B7E8-49B71C35FAF3}.Debug|x64.ActiveCfg = Debug|x64
		{A46B82C2-6262-4B59-B7E8-49B71C35FAF3}.Debug|x64.Build.0 = Debug|x64
		{A46B82C2-6262-4B59-B7E8-49B71C35FAF3}.Debug|x86.ActiveCfg = Debug|x86
		{A46B82C2-6262-4B59-B7E8-49B71C35FAF3}.Debug|x86.Build.0 = Debug|x86
		{A46B82C2-6262-4B59-B7E8-49B71C35FAF3}.Release|Any CPU.ActiveCfg = Release|Any CPU
		{A46B82C2-6262-4B59-B7E8-49B71C35FAF3}.Release|Any CPU.Build.0 = Release|Any CPU
		{A46B82C2-6262-4B59-B7E8-49B71C35FAF3}.Release|x64.ActiveCfg = Release|x64
		{A46B82C2-6262-4B59-B7E8-49B71C35FAF3}.Release|x64.Build.0 = Release|x64
		{A46B82C2-6262-4B59-B7E8-49B71C35FAF3}.Release|x86.ActiveCfg = Release|x86
		{A46B82C2-6262-4B59-B7E8-49B71C35FAF3}.Release|x86.Build.0 = Release|x86
	EndGlobalSection
	GlobalSection(SolutionProperties) = preSolution
		HideSolutionNode = FALSE
	EndGlobalSection
	GlobalSection(ExtensibilityGlobals) = postSolution
		SolutionGuid = {19392EA3-F6AD-4D93-A372-DEF13E0E61B8}
	EndGlobalSection
EndGlobal
